
Microsoft Visual Studio Solution File, Format Version 12.00
# Visual Studio 14
VisualStudioVersion = 14.0.25420.1
MinimumVisualStudioVersion = 10.0.40219.1
Project("{FAE04EC0-301F-11D3-BF4B-00C04F79EFBC}") = "ForeignExchanged2.Android", "ForeignExchanged2\ForeignExchanged2.Android\ForeignExchanged2.Android.csproj", "{35F7971E-306D-4A72-85DD-608B8685964D}"
EndProject
Project("{FAE04EC0-301F-11D3-BF4B-00C04F79EFBC}") = "ForeignExchanged2", "ForeignExchanged2\ForeignExchanged2\ForeignExchanged2.csproj", "{EB858896-7332-4679-956D-9F4C2392057F}"
EndProject
Project("{FAE04EC0-301F-11D3-BF4B-00C04F79EFBC}") = "ForeignExchanged2.UWP", "ForeignExchanged2\ForeignExchanged2.UWP\ForeignExchanged2.UWP.csproj", "{B28807B3-A43C-4271-9CBC-1B3A52829866}"
EndProject
Project("{FAE04EC0-301F-11D3-BF4B-00C04F79EFBC}") = "ForeignExchanged2.iOS", "ForeignExchanged2\ForeignExchanged2.iOS\ForeignExchanged2.iOS.csproj", "{C6A40A0A-6A80-4A47-AC90-E17FE956620E}"
EndProject
Global
	GlobalSection(SolutionConfigurationPlatforms) = preSolution
		Ad-Hoc|Any CPU = Ad-Hoc|Any CPU
		Ad-Hoc|ARM = Ad-Hoc|ARM
		Ad-Hoc|iPhone = Ad-Hoc|iPhone
		Ad-Hoc|iPhoneSimulator = Ad-Hoc|iPhoneSimulator
		Ad-Hoc|x64 = Ad-Hoc|x64
		Ad-Hoc|x86 = Ad-Hoc|x86
		AppStore|Any CPU = AppStore|Any CPU
		AppStore|ARM = AppStore|ARM
		AppStore|iPhone = AppStore|iPhone
		AppStore|iPhoneSimulator = AppStore|iPhoneSimulator
		AppStore|x64 = AppStore|x64
		AppStore|x86 = AppStore|x86
		Debug|Any CPU = Debug|Any CPU
		Debug|ARM = Debug|ARM
		Debug|iPhone = Debug|iPhone
		Debug|iPhoneSimulator = Debug|iPhoneSimulator
		Debug|x64 = Debug|x64
		Debug|x86 = Debug|x86
		Release|Any CPU = Release|Any CPU
		Release|ARM = Release|ARM
		Release|iPhone = Release|iPhone
		Release|iPhoneSimulator = Release|iPhoneSimulator
		Release|x64 = Release|x64
		Release|x86 = Release|x86
	EndGlobalSection
	GlobalSection(ProjectConfigurationPlatforms) = postSolution
		{35F7971E-306D-4A72-85DD-608B8685964D}.Ad-Hoc|Any CPU.ActiveCfg = Release|Any CPU
		{35F7971E-306D-4A72-85DD-608B8685964D}.Ad-Hoc|Any CPU.Build.0 = Release|Any CPU
		{35F7971E-306D-4A72-85DD-608B8685964D}.Ad-Hoc|Any CPU.Deploy.0 = Release|Any CPU
		{35F7971E-306D-4A72-85DD-608B8685964D}.Ad-Hoc|ARM.ActiveCfg = Release|Any CPU
		{35F7971E-306D-4A72-85DD-608B8685964D}.Ad-Hoc|ARM.Build.0 = Release|Any CPU
		{35F7971E-306D-4A72-85DD-608B8685964D}.Ad-Hoc|ARM.Deploy.0 = Release|Any CPU
		{35F7971E-306D-4A72-85DD-608B8685964D}.Ad-Hoc|iPhone.ActiveCfg = Release|Any CPU
		{35F7971E-306D-4A72-85DD-608B8685964D}.Ad-Hoc|iPhone.Build.0 = Release|Any CPU
		{35F7971E-306D-4A72-85DD-608B8685964D}.Ad-Hoc|iPhone.Deploy.0 = Release|Any CPU
		{35F7971E-306D-4A72-85DD-608B8685964D}.Ad-Hoc|iPhoneSimulator.ActiveCfg = Release|Any CPU
		{35F7971E-306D-4A72-85DD-608B8685964D}.Ad-Hoc|iPhoneSimulator.Build.0 = Release|Any CPU
		{35F7971E-306D-4A72-85DD-608B8685964D}.Ad-Hoc|iPhoneSimulator.Deploy.0 = Release|Any CPU
		{35F7971E-306D-4A72-85DD-608B8685964D}.Ad-Hoc|x64.ActiveCfg = Release|Any CPU
		{35F7971E-306D-4A72-85DD-608B8685964D}.Ad-Hoc|x64.Build.0 = Release|Any CPU
		{35F7971E-306D-4A72-85DD-608B8685964D}.Ad-Hoc|x64.Deploy.0 = Release|Any CPU
		{35F7971E-306D-4A72-85DD-608B8685964D}.Ad-Hoc|x86.ActiveCfg = Release|Any CPU
		{35F7971E-306D-4A72-85DD-608B8685964D}.Ad-Hoc|x86.Build.0 = Release|Any CPU
		{35F7971E-306D-4A72-85DD-608B8685964D}.Ad-Hoc|x86.Deploy.0 = Release|Any CPU
		{35F7971E-306D-4A72-85DD-608B8685964D}.AppStore|Any CPU.ActiveCfg = Release|Any CPU
		{35F7971E-306D-4A72-85DD-608B8685964D}.AppStore|Any CPU.Build.0 = Release|Any CPU
		{35F7971E-306D-4A72-85DD-608B8685964D}.AppStore|Any CPU.Deploy.0 = Release|Any CPU
		{35F7971E-306D-4A72-85DD-608B8685964D}.AppStore|ARM.ActiveCfg = Release|Any CPU
		{35F7971E-306D-4A72-85DD-608B8685964D}.AppStore|ARM.Build.0 = Release|Any CPU
		{35F7971E-306D-4A72-85DD-608B8685964D}.AppStore|ARM.Deploy.0 = Release|Any CPU
		{35F7971E-306D-4A72-85DD-608B8685964D}.AppStore|iPhone.ActiveCfg = Release|Any CPU
		{35F7971E-306D-4A72-85DD-608B8685964D}.AppStore|iPhone.Build.0 = Release|Any CPU
		{35F7971E-306D-4A72-85DD-608B8685964D}.AppStore|iPhone.Deploy.0 = Release|Any CPU
		{35F7971E-306D-4A72-85DD-608B8685964D}.AppStore|iPhoneSimulator.ActiveCfg = Release|Any CPU
		{35F7971E-306D-4A72-85DD-608B8685964D}.AppStore|iPhoneSimulator.Build.0 = Release|Any CPU
		{35F7971E-306D-4A72-85DD-608B8685964D}.AppStore|iPhoneSimulator.Deploy.0 = Release|Any CPU
		{35F7971E-306D-4A72-85DD-608B8685964D}.AppStore|x64.ActiveCfg = Release|Any CPU
		{35F7971E-306D-4A72-85DD-608B8685964D}.AppStore|x64.Build.0 = Release|Any CPU
		{35F7971E-306D-4A72-85DD-608B8685964D}.AppStore|x64.Deploy.0 = Release|Any CPU
		{35F7971E-306D-4A72-85DD-608B8685964D}.AppStore|x86.ActiveCfg = Release|Any CPU
		{35F7971E-306D-4A72-85DD-608B8685964D}.AppStore|x86.Build.0 = Release|Any CPU
		{35F7971E-306D-4A72-85DD-608B8685964D}.AppStore|x86.Deploy.0 = Release|Any CPU
		{35F7971E-306D-4A72-85DD-608B8685964D}.Debug|Any CPU.ActiveCfg = Debug|Any CPU
		{35F7971E-306D-4A72-85DD-608B8685964D}.Debug|Any CPU.Build.0 = Debug|Any CPU
		{35F7971E-306D-4A72-85DD-608B8685964D}.Debug|Any CPU.Deploy.0 = Debug|Any CPU
		{35F7971E-306D-4A72-85DD-608B8685964D}.Debug|ARM.ActiveCfg = Debug|Any CPU
		{35F7971E-306D-4A72-85DD-608B8685964D}.Debug|ARM.Build.0 = Debug|Any CPU
		{35F7971E-306D-4A72-85DD-608B8685964D}.Debug|ARM.Deploy.0 = Debug|Any CPU
		{35F7971E-306D-4A72-85DD-608B8685964D}.Debug|iPhone.ActiveCfg = Debug|Any CPU
		{35F7971E-306D-4A72-85DD-608B8685964D}.Debug|iPhone.Build.0 = Debug|Any CPU
		{35F7971E-306D-4A72-85DD-608B8685964D}.Debug|iPhone.Deploy.0 = Debug|Any CPU
		{35F7971E-306D-4A72-85DD-608B8685964D}.Debug|iPhoneSimulator.ActiveCfg = Debug|Any CPU
		{35F7971E-306D-4A72-85DD-608B8685964D}.Debug|iPhoneSimulator.Build.0 = Debug|Any CPU
		{35F7971E-306D-4A72-85DD-608B8685964D}.Debug|iPhoneSimulator.Deploy.0 = Debug|Any CPU
		{35F7971E-306D-4A72-85DD-608B8685964D}.Debug|x64.ActiveCfg = Debug|Any CPU
		{35F7971E-306D-4A72-85DD-608B8685964D}.Debug|x64.Build.0 = Debug|Any CPU
		{35F7971E-306D-4A72-85DD-608B8685964D}.Debug|x64.Deploy.0 = Debug|Any CPU
		{35F7971E-306D-4A72-85DD-608B8685964D}.Debug|x86.ActiveCfg = Debug|Any CPU
		{35F7971E-306D-4A72-85DD-608B8685964D}.Debug|x86.Build.0 = Debug|Any CPU
		{35F7971E-306D-4A72-85DD-608B8685964D}.Debug|x86.Deploy.0 = Debug|Any CPU
		{35F7971E-306D-4A72-85DD-608B8685964D}.Release|Any CPU.ActiveCfg = Release|Any CPU
		{35F7971E-306D-4A72-85DD-608B8685964D}.Release|Any CPU.Build.0 = Release|Any CPU
		{35F7971E-306D-4A72-85DD-608B8685964D}.Release|Any CPU.Deploy.0 = Release|Any CPU
		{35F7971E-306D-4A72-85DD-608B8685964D}.Release|ARM.ActiveCfg = Release|Any CPU
		{35F7971E-306D-4A72-85DD-608B8685964D}.Release|ARM.Build.0 = Release|Any CPU
		{35F7971E-306D-4A72-85DD-608B8685964D}.Release|ARM.Deploy.0 = Release|Any CPU
		{35F7971E-306D-4A72-85DD-608B8685964D}.Release|iPhone.ActiveCfg = Release|Any CPU
		{35F7971E-306D-4A72-85DD-608B8685964D}.Release|iPhone.Build.0 = Release|Any CPU
		{35F7971E-306D-4A72-85DD-608B8685964D}.Release|iPhone.Deploy.0 = Release|Any CPU
		{35F7971E-306D-4A72-85DD-608B8685964D}.Release|iPhoneSimulator.ActiveCfg = Release|Any CPU
		{35F7971E-306D-4A72-85DD-608B8685964D}.Release|iPhoneSimulator.Build.0 = Release|Any CPU
		{35F7971E-306D-4A72-85DD-608B8685964D}.Release|iPhoneSimulator.Deploy.0 = Release|Any CPU
		{35F7971E-306D-4A72-85DD-608B8685964D}.Release|x64.ActiveCfg = Release|Any CPU
		{35F7971E-306D-4A72-85DD-608B8685964D}.Release|x64.Build.0 = Release|Any CPU
		{35F7971E-306D-4A72-85DD-608B8685964D}.Release|x64.Deploy.0 = Release|Any CPU
		{35F7971E-306D-4A72-85DD-608B8685964D}.Release|x86.ActiveCfg = Release|Any CPU
		{35F7971E-306D-4A72-85DD-608B8685964D}.Release|x86.Build.0 = Release|Any CPU
		{35F7971E-306D-4A72-85DD-608B8685964D}.Release|x86.Deploy.0 = Release|Any CPU
		{EB858896-7332-4679-956D-9F4C2392057F}.Ad-Hoc|Any CPU.ActiveCfg = Release|Any CPU
		{EB858896-7332-4679-956D-9F4C2392057F}.Ad-Hoc|Any CPU.Build.0 = Release|Any CPU
		{EB858896-7332-4679-956D-9F4C2392057F}.Ad-Hoc|ARM.ActiveCfg = Release|Any CPU
		{EB858896-7332-4679-956D-9F4C2392057F}.Ad-Hoc|ARM.Build.0 = Release|Any CPU
		{EB858896-7332-4679-956D-9F4C2392057F}.Ad-Hoc|iPhone.ActiveCfg = Release|Any CPU
		{EB858896-7332-4679-956D-9F4C2392057F}.Ad-Hoc|iPhone.Build.0 = Release|Any CPU
		{EB858896-7332-4679-956D-9F4C2392057F}.Ad-Hoc|iPhoneSimulator.ActiveCfg = Release|Any CPU
		{EB858896-7332-4679-956D-9F4C2392057F}.Ad-Hoc|iPhoneSimulator.Build.0 = Release|Any CPU
		{EB858896-7332-4679-956D-9F4C2392057F}.Ad-Hoc|x64.ActiveCfg = Release|Any CPU
		{EB858896-7332-4679-956D-9F4C2392057F}.Ad-Hoc|x64.Build.0 = Release|Any CPU
		{EB858896-7332-4679-956D-9F4C2392057F}.Ad-Hoc|x86.ActiveCfg = Release|Any CPU
		{EB858896-7332-4679-956D-9F4C2392057F}.Ad-Hoc|x86.Build.0 = Release|Any CPU
		{EB858896-7332-4679-956D-9F4C2392057F}.AppStore|Any CPU.ActiveCfg = Release|Any CPU
		{EB858896-7332-4679-956D-9F4C2392057F}.AppStore|Any CPU.Build.0 = Release|Any CPU
		{EB858896-7332-4679-956D-9F4C2392057F}.AppStore|ARM.ActiveCfg = Release|Any CPU
		{EB858896-7332-4679-956D-9F4C2392057F}.AppStore|ARM.Build.0 = Release|Any CPU
		{EB858896-7332-4679-956D-9F4C2392057F}.AppStore|iPhone.ActiveCfg = Release|Any CPU
		{EB858896-7332-4679-956D-9F4C2392057F}.AppStore|iPhone.Build.0 = Release|Any CPU
		{EB858896-7332-4679-956D-9F4C2392057F}.AppStore|iPhoneSimulator.ActiveCfg = Release|Any CPU
		{EB858896-7332-4679-956D-9F4C2392057F}.AppStore|iPhoneSimulator.Build.0 = Release|Any CPU
		{EB858896-7332-4679-956D-9F4C2392057F}.AppStore|x64.ActiveCfg = Release|Any CPU
		{EB858896-7332-4679-956D-9F4C2392057F}.AppStore|x64.Build.0 = Release|Any CPU
		{EB858896-7332-4679-956D-9F4C2392057F}.AppStore|x86.ActiveCfg = Release|Any CPU
		{EB858896-7332-4679-956D-9F4C2392057F}.AppStore|x86.Build.0 = Release|Any CPU
		{EB858896-7332-4679-956D-9F4C2392057F}.Debug|Any CPU.ActiveCfg = Debug|Any CPU
		{EB858896-7332-4679-956D-9F4C2392057F}.Debug|Any CPU.Build.0 = Debug|Any CPU
		{EB858896-7332-4679-956D-9F4C2392057F}.Debug|ARM.ActiveCfg = Debug|Any CPU
		{EB858896-7332-4679-956D-9F4C2392057F}.Debug|ARM.Build.0 = Debug|Any CPU
		{EB858896-7332-4679-956D-9F4C2392057F}.Debug|iPhone.ActiveCfg = Debug|Any CPU
		{EB858896-7332-4679-956D-9F4C2392057F}.Debug|iPhone.Build.0 = Debug|Any CPU
		{EB858896-7332-4679-956D-9F4C2392057F}.Debug|iPhoneSimulator.ActiveCfg = Debug|Any CPU
		{EB858896-7332-4679-956D-9F4C2392057F}.Debug|iPhoneSimulator.Build.0 = Debug|Any CPU
		{EB858896-7332-4679-956D-9F4C2392057F}.Debug|x64.ActiveCfg = Debug|Any CPU
		{EB858896-7332-4679-956D-9F4C2392057F}.Debug|x64.Build.0 = Debug|Any CPU
		{EB858896-7332-4679-956D-9F4C2392057F}.Debug|x86.ActiveCfg = Debug|Any CPU
		{EB858896-7332-4679-956D-9F4C2392057F}.Debug|x86.Build.0 = Debug|Any CPU
		{EB858896-7332-4679-956D-9F4C2392057F}.Release|Any CPU.ActiveCfg = Release|Any CPU
		{EB858896-7332-4679-956D-9F4C2392057F}.Release|Any CPU.Build.0 = Release|Any CPU
		{EB858896-7332-4679-956D-9F4C2392057F}.Release|ARM.ActiveCfg = Release|Any CPU
		{EB858896-7332-4679-956D-9F4C2392057F}.Release|ARM.Build.0 = Release|Any CPU
		{EB858896-7332-4679-956D-9F4C2392057F}.Release|iPhone.ActiveCfg = Release|Any CPU
		{EB858896-7332-4679-956D-9F4C2392057F}.Release|iPhone.Build.0 = Release|Any CPU
		{EB858896-7332-4679-956D-9F4C2392057F}.Release|iPhoneSimulator.ActiveCfg = Release|Any CPU
		{EB858896-7332-4679-956D-9F4C2392057F}.Release|iPhoneSimulator.Build.0 = Release|Any CPU
		{EB858896-7332-4679-956D-9F4C2392057F}.Release|x64.ActiveCfg = Release|Any CPU
		{EB858896-7332-4679-956D-9F4C2392057F}.Release|x64.Build.0 = Release|Any CPU
		{EB858896-7332-4679-956D-9F4C2392057F}.Release|x86.ActiveCfg = Release|Any CPU
		{EB858896-7332-4679-956D-9F4C2392057F}.Release|x86.Build.0 = Release|Any CPU
		{B28807B3-A43C-4271-9CBC-1B3A52829866}.Ad-Hoc|Any CPU.ActiveCfg = Release|x86
		{B28807B3-A43C-4271-9CBC-1B3A52829866}.Ad-Hoc|Any CPU.Build.0 = Release|x86
		{B28807B3-A43C-4271-9CBC-1B3A52829866}.Ad-Hoc|Any CPU.Deploy.0 = Release|x86
		{B28807B3-A43C-4271-9CBC-1B3A52829866}.Ad-Hoc|ARM.ActiveCfg = Release|ARM
		{B28807B3-A43C-4271-9CBC-1B3A52829866}.Ad-Hoc|ARM.Build.0 = Release|ARM
		{B28807B3-A43C-4271-9CBC-1B3A52829866}.Ad-Hoc|ARM.Deploy.0 = Release|ARM
		{B28807B3-A43C-4271-9CBC-1B3A52829866}.Ad-Hoc|iPhone.ActiveCfg = Release|x86
		{B28807B3-A43C-4271-9CBC-1B3A52829866}.Ad-Hoc|iPhone.Build.0 = Release|x86
		{B28807B3-A43C-4271-9CBC-1B3A52829866}.Ad-Hoc|iPhone.Deploy.0 = Release|x86
		{B28807B3-A43C-4271-9CBC-1B3A52829866}.Ad-Hoc|iPhoneSimulator.ActiveCfg = Release|x86
		{B28807B3-A43C-4271-9CBC-1B3A52829866}.Ad-Hoc|iPhoneSimulator.Build.0 = Release|x86
		{B28807B3-A43C-4271-9CBC-1B3A52829866}.Ad-Hoc|iPhoneSimulator.Deploy.0 = Release|x86
		{B28807B3-A43C-4271-9CBC-1B3A52829866}.Ad-Hoc|x64.ActiveCfg = Release|x64
		{B28807B3-A43C-4271-9CBC-1B3A52829866}.Ad-Hoc|x64.Build.0 = Release|x64
		{B28807B3-A43C-4271-9CBC-1B3A52829866}.Ad-Hoc|x64.Deploy.0 = Release|x64
		{B28807B3-A43C-4271-9CBC-1B3A52829866}.Ad-Hoc|x86.ActiveCfg = Release|x86
		{B28807B3-A43C-4271-9CBC-1B3A52829866}.Ad-Hoc|x86.Build.0 = Release|x86
		{B28807B3-A43C-4271-9CBC-1B3A52829866}.Ad-Hoc|x86.Deploy.0 = Release|x86
		{B28807B3-A43C-4271-9CBC-1B3A52829866}.AppStore|Any CPU.ActiveCfg = Release|x86
		{B28807B3-A43C-4271-9CBC-1B3A52829866}.AppStore|Any CPU.Build.0 = Release|x86
		{B28807B3-A43C-4271-9CBC-1B3A52829866}.AppStore|Any CPU.Deploy.0 = Release|x86
		{B28807B3-A43C-4271-9CBC-1B3A52829866}.AppStore|ARM.ActiveCfg = Release|ARM
		{B28807B3-A43C-4271-9CBC-1B3A52829866}.AppStore|ARM.Build.0 = Release|ARM
		{B28807B3-A43C-4271-9CBC-1B3A52829866}.AppStore|ARM.Deploy.0 = Release|ARM
		{B28807B3-A43C-4271-9CBC-1B3A52829866}.AppStore|iPhone.ActiveCfg = Release|x86
		{B28807B3-A43C-4271-9CBC-1B3A52829866}.AppStore|iPhone.Build.0 = Release|x86
		{B28807B3-A43C-4271-9CBC-1B3A52829866}.AppStore|iPhone.Deploy.0 = Release|x86
		{B28807B3-A43C-4271-9CBC-1B3A52829866}.AppStore|iPhoneSimulator.ActiveCfg = Release|x86
		{B28807B3-A43C-4271-9CBC-1B3A52829866}.AppStore|iPhoneSimulator.Build.0 = Release|x86
		{B28807B3-A43C-4271-9CBC-1B3A52829866}.AppStore|iPhoneSimulator.Deploy.0 = Release|x86
		{B28807B3-A43C-4271-9CBC-1B3A52829866}.AppStore|x64.ActiveCfg = Release|x64
		{B28807B3-A43C-4271-9CBC-1B3A52829866}.AppStore|x64.Build.0 = Release|x64
		{B28807B3-A43C-4271-9CBC-1B3A52829866}.AppStore|x64.Deploy.0 = Release|x64
		{B28807B3-A43C-4271-9CBC-1B3A52829866}.AppStore|x86.ActiveCfg = Release|x86
		{B28807B3-A43C-4271-9CBC-1B3A52829866}.AppStore|x86.Build.0 = Release|x86
		{B28807B3-A43C-4271-9CBC-1B3A52829866}.AppStore|x86.Deploy.0 = Release|x86
		{B28807B3-A43C-4271-9CBC-1B3A52829866}.Debug|Any CPU.ActiveCfg = Debug|x86
		{B28807B3-A43C-4271-9CBC-1B3A52829866}.Debug|ARM.ActiveCfg = Debug|ARM
		{B28807B3-A43C-4271-9CBC-1B3A52829866}.Debug|ARM.Build.0 = Debug|ARM
		{B28807B3-A43C-4271-9CBC-1B3A52829866}.Debug|ARM.Deploy.0 = Debug|ARM
		{B28807B3-A43C-4271-9CBC-1B3A52829866}.Debug|iPhone.ActiveCfg = Debug|x86
		{B28807B3-A43C-4271-9CBC-1B3A52829866}.Debug|iPhoneSimulator.ActiveCfg = Debug|x86
		{B28807B3-A43C-4271-9CBC-1B3A52829866}.Debug|x64.ActiveCfg = Debug|x64
		{B28807B3-A43C-4271-9CBC-1B3A52829866}.Debug|x64.Build.0 = Debug|x64
		{B28807B3-A43C-4271-9CBC-1B3A52829866}.Debug|x64.Deploy.0 = Debug|x64
		{B28807B3-A43C-4271-9CBC-1B3A52829866}.Debug|x86.ActiveCfg = Debug|x86
		{B28807B3-A43C-4271-9CBC-1B3A52829866}.Debug|x86.Build.0 = Debug|x86
		{B28807B3-A43C-4271-9CBC-1B3A52829866}.Debug|x86.Deploy.0 = Debug|x86
		{B28807B3-A43C-4271-9CBC-1B3A52829866}.Release|Any CPU.ActiveCfg = Release|x86
		{B28807B3-A43C-4271-9CBC-1B3A52829866}.Release|ARM.ActiveCfg = Release|ARM
		{B28807B3-A43C-4271-9CBC-1B3A52829866}.Release|ARM.Build.0 = Release|ARM
		{B28807B3-A43C-4271-9CBC-1B3A52829866}.Release|ARM.Deploy.0 = Release|ARM
		{B28807B3-A43C-4271-9CBC-1B3A52829866}.Release|iPhone.ActiveCfg = Release|x86
		{B28807B3-A43C-4271-9CBC-1B3A52829866}.Release|iPhoneSimulator.ActiveCfg = Release|x86
		{B28807B3-A43C-4271-9CBC-1B3A52829866}.Release|x64.ActiveCfg = Release|x64
		{B28807B3-A43C-4271-9CBC-1B3A52829866}.Release|x64.Build.0 = Release|x64
		{B28807B3-A43C-4271-9CBC-1B3A52829866}.Release|x64.Deploy.0 = Release|x64
		{B28807B3-A43C-4271-9CBC-1B3A52829866}.Release|x86.ActiveCfg = Release|x86
		{B28807B3-A43C-4271-9CBC-1B3A52829866}.Release|x86.Build.0 = Release|x86
		{B28807B3-A43C-4271-9CBC-1B3A52829866}.Release|x86.Deploy.0 = Release|x86
		{C6A40A0A-6A80-4A47-AC90-E17FE956620E}.Ad-Hoc|Any CPU.ActiveCfg = Ad-Hoc|iPhone
		{C6A40A0A-6A80-4A47-AC90-E17FE956620E}.Ad-Hoc|ARM.ActiveCfg = Ad-Hoc|iPhone
		{C6A40A0A-6A80-4A47-AC90-E17FE956620E}.Ad-Hoc|iPhone.ActiveCfg = Ad-Hoc|iPhone
		{C6A40A0A-6A80-4A47-AC90-E17FE956620E}.Ad-Hoc|iPhone.Build.0 = Ad-Hoc|iPhone
		{C6A40A0A-6A80-4A47-AC90-E17FE956620E}.Ad-Hoc|iPhoneSimulator.ActiveCfg = Ad-Hoc|iPhoneSimulator
		{C6A40A0A-6A80-4A47-AC90-E17FE956620E}.Ad-Hoc|iPhoneSimulator.Build.0 = Ad-Hoc|iPhoneSimulator
		{C6A40A0A-6A80-4A47-AC90-E17FE956620E}.Ad-Hoc|x64.ActiveCfg = Ad-Hoc|iPhone
		{C6A40A0A-6A80-4A47-AC90-E17FE956620E}.Ad-Hoc|x86.ActiveCfg = Ad-Hoc|iPhone
		{C6A40A0A-6A80-4A47-AC90-E17FE956620E}.AppStore|Any CPU.ActiveCfg = AppStore|iPhone
		{C6A40A0A-6A80-4A47-AC90-E17FE956620E}.AppStore|ARM.ActiveCfg = AppStore|iPhone
		{C6A40A0A-6A80-4A47-AC90-E17FE956620E}.AppStore|iPhone.ActiveCfg = AppStore|iPhone
		{C6A40A0A-6A80-4A47-AC90-E17FE956620E}.AppStore|iPhone.Build.0 = AppStore|iPhone
		{C6A40A0A-6A80-4A47-AC90-E17FE956620E}.AppStore|iPhoneSimulator.ActiveCfg = AppStore|iPhoneSimulator
		{C6A40A0A-6A80-4A47-AC90-E17FE956620E}.AppStore|iPhoneSimulator.Build.0 = AppStore|iPhoneSimulator
		{C6A40A0A-6A80-4A47-AC90-E17FE956620E}.AppStore|x64.ActiveCfg = AppStore|iPhone
		{C6A40A0A-6A80-4A47-AC90-E17FE956620E}.AppStore|x86.ActiveCfg = AppStore|iPhone
		{C6A40A0A-6A80-4A47-AC90-E17FE956620E}.Debug|Any CPU.ActiveCfg = Debug|iPhone
		{C6A40A0A-6A80-4A47-AC90-E17FE956620E}.Debug|ARM.ActiveCfg = Debug|iPhone
		{C6A40A0A-6A80-4A47-AC90-E17FE956620E}.Debug|iPhone.ActiveCfg = Debug|iPhone
		{C6A40A0A-6A80-4A47-AC90-E17FE956620E}.Debug|iPhone.Build.0 = Debug|iPhone
		{C6A40A0A-6A80-4A47-AC90-E17FE956620E}.Debug|iPhoneSimulator.ActiveCfg = Debug|iPhoneSimulator
		{C6A40A0A-6A80-4A47-AC90-E17FE956620E}.Debug|iPhoneSimulator.Build.0 = Debug|iPhoneSimulator
		{C6A40A0A-6A80-4A47-AC90-E17FE956620E}.Debug|x64.ActiveCfg = Debug|iPhone
		{C6A40A0A-6A80-4A47-AC90-E17FE956620E}.Debug|x86.ActiveCfg = Debug|iPhone
		{C6A40A0A-6A80-4A47-AC90-E17FE956620E}.Release|Any CPU.ActiveCfg = Release|iPhone
		{C6A40A0A-6A80-4A47-AC90-E17FE956620E}.Release|ARM.ActiveCfg = Release|iPhone
		{C6A40A0A-6A80-4A47-AC90-E17FE956620E}.Release|iPhone.ActiveCfg = Release|iPhone
		{C6A40A0A-6A80-4A47-AC90-E17FE956620E}.Release|iPhone.Build.0 = Release|iPhone
		{C6A40A0A-6A80-4A47-AC90-E17FE956620E}.Release|iPhoneSimulator.ActiveCfg = Release|iPhoneSimulator
		{C6A40A0A-6A80-4A47-AC90-E17FE956620E}.Release|iPhoneSimulator.Build.0 = Release|iPhoneSimulator
		{C6A40A0A-6A80-4A47-AC90-E17FE956620E}.Release|x64.ActiveCfg = Release|iPhone
		{C6A40A0A-6A80-4A47-AC90-E17FE956620E}.Release|x86.ActiveCfg = Release|iPhone
	EndGlobalSection
	GlobalSection(SolutionProperties) = preSolution
		HideSolutionNode = FALSE
	EndGlobalSection
EndGlobal
